
Microsoft Visual Studio Solution File, Format Version 12.00
# Visual Studio 15
VisualStudioVersion = 15.0.27428.2027
MinimumVisualStudioVersion = 10.0.40219.1
Project("{FAE04EC0-301F-11D3-BF4B-00C04F79EFBC}") = "HeatmapSamples", "HeatmapSamples\HeatmapSamples.csproj", "{53B25A62-4393-4E27-BAA3-6C48291EA0B8}"
EndProject
Project("{9A19103F-16F7-4668-BE54-9A1E7A4F7556}") = "Heatmap", "Heatmap\Heatmap.csproj", "{75EAF02B-D7B4-48DE-8D3D-743EC839AB09}"
EndProject
Project("{FAE04EC0-301F-11D3-BF4B-00C04F79EFBC}") = "Heatmap.UnitTests", "Heatmap.UnitTests\Heatmap.UnitTests.csproj", "{9B7465BE-021F-4043-97AA-E6810F8907BF}"
EndProject
Global
	GlobalSection(SolutionConfigurationPlatforms) = preSolution
		Debug|Any CPU = Debug|Any CPU
		Release|Any CPU = Release|Any CPU
	EndGlobalSection
	GlobalSection(ProjectConfigurationPlatforms) = postSolution
		{53B25A62-4393-4E27-BAA3-6C48291EA0B8}.Debug|Any CPU.ActiveCfg = Debug|Any CPU
		{53B25A62-4393-4E27-BAA3-6C48291EA0B8}.Debug|Any CPU.Build.0 = Debug|Any CPU
		{53B25A62-4393-4E27-BAA3-6C48291EA0B8}.Release|Any CPU.ActiveCfg = Release|Any CPU
		{53B25A62-4393-4E27-BAA3-6C48291EA0B8}.Release|Any CPU.Build.0 = Release|Any CPU
		{75EAF02B-D7B4-48DE-8D3D-743EC839AB09}.Debug|Any CPU.ActiveCfg = Debug|Any CPU
		{75EAF02B-D7B4-48DE-8D3D-743EC839AB09}.Debug|Any CPU.Build.0 = Debug|Any CPU
		{75EAF02B-D7B4-48DE-8D3D-743EC839AB09}.Release|Any CPU.ActiveCfg = Release|Any CPU
		{75EAF02B-D7B4-48DE-8D3D-743EC839AB09}.Release|Any CPU.Build.0 = Release|Any CPU
		{9B7465BE-021F-4043-97AA-E6810F8907BF}.Debug|Any CPU.ActiveCfg = Debug|Any CPU
		{9B7465BE-021F-4043-97AA-E6810F8907BF}.Debug|Any CPU.Build.0 = Debug|Any CPU
		{9B7465BE-021F-4043-97AA-E6810F8907BF}.Release|Any CPU.ActiveCfg = Release|Any CPU
		{9B7465BE-021F-4043-97AA-E6810F8907BF}.Release|Any CPU.Build.0 = Release|Any CPU
	EndGlobalSection
	GlobalSection(SolutionProperties) = preSolution
		HideSolutionNode = FALSE
	EndGlobalSection
	GlobalSection(ExtensibilityGlobals) = postSolution
		SolutionGuid = {3D4882C2-A92E-4F51-8332-E7C2ABC6E85E}
	EndGlobalSection
EndGlobal
