
Microsoft Visual Studio Solution File, Format Version 12.00
# Visual Studio Version 17
VisualStudioVersion = 17.1.32210.238
MinimumVisualStudioVersion = 10.0.40219.1
Project("{9A19103F-16F7-4668-BE54-9A1E7A4F7556}") = "Heatmap", "Heatmap\Heatmap.csproj", "{75EAF02B-D7B4-48DE-8D3D-743EC839AB09}"
EndProject
Project("{9A19103F-16F7-4668-BE54-9A1E7A4F7556}") = "Heatmap.UnitTests", "Heatmap.UnitTests\Heatmap.UnitTests.csproj", "{9B7465BE-021F-4043-97AA-E6810F8907BF}"
EndProject
Project("{9A19103F-16F7-4668-BE54-9A1E7A4F7556}") = "Heatmap.Benchmarks", "Heatmap.Benchmarks\Heatmap.Benchmarks.csproj", "{79AAF323-79C3-42A9-9C4E-D2F56E8DA687}"
EndProject
Project("{FAE04EC0-301F-11D3-BF4B-00C04F79EFBC}") = "Heatmap.SkiaSharp", "Heatmap.SkiaSharp\Heatmap.SkiaSharp.csproj", "{1E0BBFB8-7316-4315-990E-39C4FEF107E9}"
EndProject
Project("{FAE04EC0-301F-11D3-BF4B-00C04F79EFBC}") = "Heatmap.Samples", "Heatmap.Samples\Heatmap.Samples.csproj", "{0A7623F2-A164-416D-B300-C2F5A49C815D}"
EndProject
Global
	GlobalSection(SolutionConfigurationPlatforms) = preSolution
		Debug|Any CPU = Debug|Any CPU
		Release|Any CPU = Release|Any CPU
	EndGlobalSection
	GlobalSection(ProjectConfigurationPlatforms) = postSolution
		{75EAF02B-D7B4-48DE-8D3D-743EC839AB09}.Debug|Any CPU.ActiveCfg = Debug|Any CPU
		{75EAF02B-D7B4-48DE-8D3D-743EC839AB09}.Debug|Any CPU.Build.0 = Debug|Any CPU
		{75EAF02B-D7B4-48DE-8D3D-743EC839AB09}.Release|Any CPU.ActiveCfg = Release|Any CPU
		{75EAF02B-D7B4-48DE-8D3D-743EC839AB09}.Release|Any CPU.Build.0 = Release|Any CPU
		{9B7465BE-021F-4043-97AA-E6810F8907BF}.Debug|Any CPU.ActiveCfg = Debug|Any CPU
		{9B7465BE-021F-4043-97AA-E6810F8907BF}.Debug|Any CPU.Build.0 = Debug|Any CPU
		{9B7465BE-021F-4043-97AA-E6810F8907BF}.Release|Any CPU.ActiveCfg = Release|Any CPU
		{9B7465BE-021F-4043-97AA-E6810F8907BF}.Release|Any CPU.Build.0 = Release|Any CPU
		{79AAF323-79C3-42A9-9C4E-D2F56E8DA687}.Debug|Any CPU.ActiveCfg = Debug|Any CPU
		{79AAF323-79C3-42A9-9C4E-D2F56E8DA687}.Debug|Any CPU.Build.0 = Debug|Any CPU
		{79AAF323-79C3-42A9-9C4E-D2F56E8DA687}.Release|Any CPU.ActiveCfg = Release|Any CPU
		{79AAF323-79C3-42A9-9C4E-D2F56E8DA687}.Release|Any CPU.Build.0 = Release|Any CPU
		{1E0BBFB8-7316-4315-990E-39C4FEF107E9}.Debug|Any CPU.ActiveCfg = Debug|Any CPU
		{1E0BBFB8-7316-4315-990E-39C4FEF107E9}.Debug|Any CPU.Build.0 = Debug|Any CPU
		{1E0BBFB8-7316-4315-990E-39C4FEF107E9}.Release|Any CPU.ActiveCfg = Release|Any CPU
		{1E0BBFB8-7316-4315-990E-39C4FEF107E9}.Release|Any CPU.Build.0 = Release|Any CPU
		{0A7623F2-A164-416D-B300-C2F5A49C815D}.Debug|Any CPU.ActiveCfg = Debug|Any CPU
		{0A7623F2-A164-416D-B300-C2F5A49C815D}.Debug|Any CPU.Build.0 = Debug|Any CPU
		{0A7623F2-A164-416D-B300-C2F5A49C815D}.Release|Any CPU.ActiveCfg = Release|Any CPU
		{0A7623F2-A164-416D-B300-C2F5A49C815D}.Release|Any CPU.Build.0 = Release|Any CPU
	EndGlobalSection
	GlobalSection(SolutionProperties) = preSolution
		HideSolutionNode = FALSE
	EndGlobalSection
	GlobalSection(ExtensibilityGlobals) = postSolution
		SolutionGuid = {3D4882C2-A92E-4F51-8332-E7C2ABC6E85E}
	EndGlobalSection
EndGlobal
